[[package]]
name = "arrayref"
version = "0.3.2"
source = "registry+https://github.com/rust-lang/crates.io-index"

[[package]]
name = "byteorder"
version = "1.2.1"
source = "registry+https://github.com/rust-lang/crates.io-index"

[[package]]
name = "dem"
version = "0.1.0"
dependencies = [
 "arrayref 0.3.2 (registry+https://github.com/rust-lang/crates.io-index)",
 "byteorder 1.2.1 (registry+https://github.com/rust-lang/crates.io-index)",
 "nom 2.0.1 (registry+https://github.com/rust-lang/crates.io-index)",
 "snap 0.2.3 (registry+https://github.com/rust-lang/crates.io-index)",
]

[[package]]
name = "lazy_static"
version = "0.2.11"
source = "registry+https://github.com/rust-lang/crates.io-index"

[[package]]
name = "nom"
version = "2.0.1"
source = "registry+https://github.com/rust-lang/crates.io-index"

[[package]]
name = "snap"
version = "0.2.3"
source = "registry+https://github.com/rust-lang/crates.io-index"
dependencies = [
 "byteorder 1.2.1 (registry+https://github.com/rust-lang/crates.io-index)",
 "lazy_static 0.2.11 (registry+https://github.com/rust-lang/crates.io-index)",
]

[metadata]
"checksum arrayref 0.3.2 (registry+https://github.com/rust-lang/crates.io-index)" = "7500729ad4e34f2e9b0b5cc966ec163b644d1545ee6b6049668cafd6658d58f9"
"checksum byteorder 1.2.1 (registry+https://github.com/rust-lang/crates.io-index)" = "652805b7e73fada9d85e9a6682a4abd490cb52d96aeecc12e33a0de34dfd0d23"
"checksum lazy_static 0.2.11 (registry+https://github.com/rust-lang/crates.io-index)" = "76f033c7ad61445c5b347c7382dd1237847eb1bce590fe50365dcb33d546be73"
"checksum nom 2.0.1 (registry+https://github.com/rust-lang/crates.io-index)" = "ffc564b2727f758993db55d4ffed0d84bbd7f387a66509516768c8f786bb0b10"
"checksum snap 0.2.3 (registry+https://github.com/rust-lang/crates.io-index)" = "24fa40616f5d477294edf132d681b6a6ef4efc9efd71f900fbf356ecdac4a140"
