# This file is automatically @generated by Cargo.
# It is not intended for manual editing.
[[package]]
name = "arrayref"
version = "0.3.2"
source = "registry+https://github.com/rust-lang/crates.io-index"
checksum = "7500729ad4e34f2e9b0b5cc966ec163b644d1545ee6b6049668cafd6658d58f9"

[[package]]
name = "byteorder"
version = "1.2.1"
source = "registry+https://github.com/rust-lang/crates.io-index"
checksum = "652805b7e73fada9d85e9a6682a4abd490cb52d96aeecc12e33a0de34dfd0d23"

[[package]]
name = "dem"
version = "0.1.0"
dependencies = [
 "arrayref",
 "byteorder",
 "snap",
]

[[package]]
name = "lazy_static"
version = "0.2.11"
source = "registry+https://github.com/rust-lang/crates.io-index"
checksum = "76f033c7ad61445c5b347c7382dd1237847eb1bce590fe50365dcb33d546be73"

[[package]]
name = "snap"
version = "0.2.3"
source = "registry+https://github.com/rust-lang/crates.io-index"
checksum = "24fa40616f5d477294edf132d681b6a6ef4efc9efd71f900fbf356ecdac4a140"
dependencies = [
 "byteorder",
 "lazy_static",
]
