# This file is automatically @generated by Cargo.
# It is not intended for manual editing.
[[package]]
name = "bitstream"
version = "0.1.0"

[[package]]
name = "dem"
version = "0.1.0"
dependencies = [
 "bitstream",
 "snap",
]

[[package]]
name = "snap"
version = "1.0.2"
source = "registry+https://github.com/rust-lang/crates.io-index"
checksum = "8a807ac3ab7a217829c2a3b65732b926b2befe6a35f33b4bf8b503692430f223"
